schema: '2.0'
stages:
  load_data:
    cmd: python -m src.data_loading.load_data
    deps:
    - path: src/data_loading/load_data.py
      hash: md5
      md5: f90b3c6cfa9c330f8f7918401375bc95
      size: 1440
    outs:
    - path: data/raw/raw.csv
      hash: md5
      md5: 7021a43df7217e4a58afa108c44fb456
      size: 116187
  preprocess_data:
    cmd: python -m src.data_preprocessing.preprocess_data
    deps:
    - path: data/raw/raw.csv
      hash: md5
      md5: 7021a43df7217e4a58afa108c44fb456
      size: 116187
    - path: src/data_preprocessing/preprocess_data.py
      hash: md5
      md5: 727f22f9650a9dfb2b1a217912d46034
      size: 3993
    params:
      params.yaml:
        preprocess_data.random_seed: 42
        preprocess_data.test_size: 0.2
    outs:
    - path: artifacts/[features]_mean_imputer.joblib
      hash: md5
      md5: cf3b1151b0c69791b679e088115d968e
      size: 1511
    - path: data/preprocessed/test_preprocessed.csv
      hash: md5
      md5: 6984275543bf8ec23f3202282120077c
      size: 26789
    - path: data/preprocessed/train_preprocessed.csv
      hash: md5
      md5: 88f33042af83ebe3d4bd9015ec491410
      size: 105869
  engineer_features:
    cmd: python -m src.feature_engineering.engineer_features
    deps:
    - path: data/preprocessed/test_preprocessed.csv
      hash: md5
      md5: 6984275543bf8ec23f3202282120077c
      size: 26789
    - path: data/preprocessed/train_preprocessed.csv
      hash: md5
      md5: 88f33042af83ebe3d4bd9015ec491410
      size: 105869
    - path: src/feature_engineering/engineer_features.py
      hash: md5
      md5: f8446b81a185b5c5d4b06fd60a3b9b9f
      size: 3052
    outs:
    - path: artifacts/[features]_scaler.joblib
      hash: md5
      md5: 00e32a012c42469fc8ea107292e9dca3
      size: 2135
    - path: data/processed/test_processed.csv
      hash: md5
      md5: fd03640d50fa900ca5e1f98a473848eb
      size: 68070
    - path: data/processed/train_processed.csv
      hash: md5
      md5: 1a990814ad1b6595650cf0eeaa6e4014
      size: 269945
  train:
    cmd: python -m src.model_training.train_model
    deps:
    - path: data/processed/train_processed.csv
      hash: md5
      md5: 1a990814ad1b6595650cf0eeaa6e4014
      size: 269945
    - path: src/model_training/train_model.py
      hash: md5
      md5: 7e1330ec03f609c649c8d76867d67fd8
      size: 6049
    params:
      params.yaml:
        train.batch_size: 16
        train.dropout_rate: 0.25
        train.epochs: 100
        train.hidden_layer_1_neurons: 64
        train.hidden_layer_2_neurons: 32
        train.learning_rate: 0.001
    outs:
    - path: artifacts/[target]_one_hot_encoder.joblib
      hash: md5
      md5: 9c68e41a114fdb0985121e8d89f055bc
      size: 617
    - path: metrics/training.json
      hash: md5
      md5: bcb5566b10b6391c45037e6ead66431a
      size: 139
    - path: models/model.keras
      hash: md5
      md5: a6576a30544f95e268b03d0eee7c0aee
      size: 79419
  evaluate:
    cmd: python -m src.model_evaluation.evaluate_model
    deps:
    - path: artifacts/[target]_one_hot_encoder.joblib
      hash: md5
      md5: 9c68e41a114fdb0985121e8d89f055bc
      size: 617
    - path: data/processed/test_processed.csv
      hash: md5
      md5: fd03640d50fa900ca5e1f98a473848eb
      size: 68070
    - path: models/model.keras
      hash: md5
      md5: a6576a30544f95e268b03d0eee7c0aee
      size: 79419
    - path: src/model_evaluation/evaluate_model.py
      hash: md5
      md5: cc6d82578aa8b354b13dd4473095fe62
      size: 3301
    outs:
    - path: metrics/evaluation.json
      hash: md5
      md5: 718fc1d918c4bf9ae63072babbcf3d66
      size: 780
