schema: '2.0'
stages:
  load_data:
    cmd: python -m src.data_loading.load_data
    deps:
    - path: src/data_loading/load_data.py
      hash: md5
      md5: f90b3c6cfa9c330f8f7918401375bc95
      size: 1440
    outs:
    - path: data/raw/raw.csv
      hash: md5
      md5: 0a687988747048092bd780039084b8ec
      size: 116187
  preprocess_data:
    cmd: python -m src.data_preprocessing.preprocess_data
    deps:
    - path: data/raw/raw.csv
      hash: md5
      md5: 0a687988747048092bd780039084b8ec
      size: 116187
    - path: src/data_preprocessing/preprocess_data.py
      hash: md5
      md5: 727f22f9650a9dfb2b1a217912d46034
      size: 3993
    params:
      params.yaml:
        preprocess_data.random_seed: 42
        preprocess_data.test_size: 0.2
    outs:
    - path: artifacts/[features]_mean_imputer.joblib
      hash: md5
      md5: f33c66eeb29001a9abdbdc4c2b5a06e7
      size: 1511
    - path: data/preprocessed/test_preprocessed.csv
      hash: md5
      md5: 8ff00df09d5f8f173b313dc9435747e3
      size: 27006
    - path: data/preprocessed/train_preprocessed.csv
      hash: md5
      md5: 7ba66180a4a664ebda632991907c9d1f
      size: 105362
  engineer_features:
    cmd: python -m src.feature_engineering.engineer_features
    deps:
    - path: data/preprocessed/test_preprocessed.csv
      hash: md5
      md5: 8ff00df09d5f8f173b313dc9435747e3
      size: 27006
    - path: data/preprocessed/train_preprocessed.csv
      hash: md5
      md5: 7ba66180a4a664ebda632991907c9d1f
      size: 105362
    - path: src/feature_engineering/engineer_features.py
      hash: md5
      md5: f8446b81a185b5c5d4b06fd60a3b9b9f
      size: 3052
    outs:
    - path: artifacts/[features]_scaler.joblib
      hash: md5
      md5: 5dd89a77e5942600141ac2367980a6de
      size: 2135
    - path: data/processed/test_processed.csv
      hash: md5
      md5: 1e2b32023e289df6a1b00163a3eced15
      size: 68181
    - path: data/processed/train_processed.csv
      hash: md5
      md5: 9b93c89917bc9722038d646ea967a0de
      size: 270287
  train:
    cmd: python -m src.model_training.train_model
    deps:
    - path: data/processed/train_processed.csv
      hash: md5
      md5: 9b93c89917bc9722038d646ea967a0de
      size: 270287
    - path: src/model_training/train_model.py
      hash: md5
      md5: 16882d4d228f2794f649f09e0a9c36fc
      size: 5302
    params:
      params.yaml:
        train.batch_size: 32
        train.dropout_rate: 0.3
        train.epochs: 100
        train.hidden_layer_1_neurons: 64
        train.hidden_layer_2_neurons: 32
        train.learning_rate: 0.001
    outs:
    - path: artifacts/[target]_one_hot_encoder.joblib
      hash: md5
      md5: 9c68e41a114fdb0985121e8d89f055bc
      size: 617
    - path: metrics/training.json
      hash: md5
      md5: 37e41182ff1964db6aadac02057f0745
      size: 140
    - path: models/model.keras
      hash: md5
      md5: b1e7c675f509d1279bedfed4789f44f0
      size: 79417
  evaluate:
    cmd: python -m src.model_evaluation.evaluate_model
    deps:
    - path: artifacts/[target]_one_hot_encoder.joblib
      hash: md5
      md5: 9c68e41a114fdb0985121e8d89f055bc
      size: 617
    - path: data/processed/test_processed.csv
      hash: md5
      md5: 1e2b32023e289df6a1b00163a3eced15
      size: 68181
    - path: models/model.keras
      hash: md5
      md5: b1e7c675f509d1279bedfed4789f44f0
      size: 79417
    - path: src/model_evaluation/evaluate_model.py
      hash: md5
      md5: 1300021eeca5193c758efb74cfff4814
      size: 2514
    outs:
    - path: metrics/evaluation.json
      hash: md5
      md5: f3856b866fe92c68fb92576f5093ab93
      size: 791
