schema: '2.0'
stages:
  load_data:
    cmd: python -m src.data_loading.load_data
    deps:
    - path: src/data_loading/load_data.py
      hash: md5
      md5: f90b3c6cfa9c330f8f7918401375bc95
      size: 1440
    outs:
    - path: data/raw/raw.csv
      hash: md5
      md5: 326cf12ed9f6da732ee345fedbfde8c7
      size: 116187
  preprocess_data:
    cmd: python -m src.data_preprocessing.preprocess_data
    deps:
    - path: data/raw/raw.csv
      hash: md5
      md5: 326cf12ed9f6da732ee345fedbfde8c7
      size: 116187
    - path: src/data_preprocessing/preprocess_data.py
      hash: md5
      md5: 727f22f9650a9dfb2b1a217912d46034
      size: 3993
    params:
      params.yaml:
        preprocess_data.random_seed: 42
        preprocess_data.test_size: 0.2
    outs:
    - path: artifacts/[features]_mean_imputer.joblib
      hash: md5
      md5: 5e33205acc630ee20cf209bbdd8d98bf
      size: 1511
    - path: data/preprocessed/test_preprocessed.csv
      hash: md5
      md5: 348184bc1c3ce1a75db29e0e0cb44e27
      size: 26836
    - path: data/preprocessed/train_preprocessed.csv
      hash: md5
      md5: 5ea1d5c057f01cb2b40f2d5245c80733
      size: 105810
  engineer_features:
    cmd: python -m src.feature_engineering.engineer_features
    deps:
    - path: data/preprocessed/test_preprocessed.csv
      hash: md5
      md5: 348184bc1c3ce1a75db29e0e0cb44e27
      size: 26836
    - path: data/preprocessed/train_preprocessed.csv
      hash: md5
      md5: 5ea1d5c057f01cb2b40f2d5245c80733
      size: 105810
    - path: src/feature_engineering/engineer_features.py
      hash: md5
      md5: f8446b81a185b5c5d4b06fd60a3b9b9f
      size: 3052
    outs:
    - path: artifacts/[features]_scaler.joblib
      hash: md5
      md5: 6f63cb9aaf776a0bef9e21bf4e6b2ed0
      size: 2135
    - path: data/processed/test_processed.csv
      hash: md5
      md5: 5f382194cd520434dc261c2a1abea0b4
      size: 67849
    - path: data/processed/train_processed.csv
      hash: md5
      md5: 6742928432785465466212142a0227af
      size: 268338
  train:
    cmd: python -m src.model_training.train_model
    deps:
    - path: data/processed/train_processed.csv
      hash: md5
      md5: 6742928432785465466212142a0227af
      size: 268338
    - path: src/model_training/train_model.py
      hash: md5
      md5: 16882d4d228f2794f649f09e0a9c36fc
      size: 5302
    params:
      params.yaml:
        train.batch_size: 16
        train.dropout_rate: 0.25
        train.epochs: 100
        train.hidden_layer_1_neurons: 64
        train.hidden_layer_2_neurons: 32
        train.learning_rate: 0.001
    outs:
    - path: artifacts/[target]_one_hot_encoder.joblib
      hash: md5
      md5: 9c68e41a114fdb0985121e8d89f055bc
      size: 617
    - path: metrics/training.json
      hash: md5
      md5: 15263eeab2220d42815781136d9e98e6
      size: 126
    - path: models/model.keras
      hash: md5
      md5: c6dab4cf25906c8ff0822d220cdc9509
      size: 79419
  evaluate:
    cmd: python -m src.model_evaluation.evaluate_model
    deps:
    - path: artifacts/[target]_one_hot_encoder.joblib
      hash: md5
      md5: 9c68e41a114fdb0985121e8d89f055bc
      size: 617
    - path: data/processed/test_processed.csv
      hash: md5
      md5: 5f382194cd520434dc261c2a1abea0b4
      size: 67849
    - path: models/model.keras
      hash: md5
      md5: c6dab4cf25906c8ff0822d220cdc9509
      size: 79419
    - path: src/model_evaluation/evaluate_model.py
      hash: md5
      md5: 1300021eeca5193c758efb74cfff4814
      size: 2514
    outs:
    - path: metrics/evaluation.json
      hash: md5
      md5: 1452dbb24c30b475a8e1be23ea32d95c
      size: 792
